
Microsoft Visual Studio Solution File, Format Version 12.00
# Visual Studio Version 17
VisualStudioVersion = 17.14.36511.14 d17.14
MinimumVisualStudioVersion = 10.0.40219.1
Project("{FAE04EC0-301F-11D3-BF4B-00C04F79EFBC}") = "ejemplos_pdf", "ejemplos_pdf.csproj", "{64950B26-3E82-4484-B1AA-20426F1ACB05}"
EndProject
Global
	GlobalSection(SolutionConfigurationPlatforms) = preSolution
		Debug|Any CPU = Debug|Any CPU
		Release|Any CPU = Release|Any CPU
	EndGlobalSection
	GlobalSection(ProjectConfigurationPlatforms) = postSolution
		{64950B26-3E82-4484-B1AA-20426F1ACB05}.Debug|Any CPU.ActiveCfg = Debug|Any CPU
		{64950B26-3E82-4484-B1AA-20426F1ACB05}.Debug|Any CPU.Build.0 = Debug|Any CPU
		{64950B26-3E82-4484-B1AA-20426F1ACB05}.Release|Any CPU.ActiveCfg = Release|Any CPU
		{64950B26-3E82-4484-B1AA-20426F1ACB05}.Release|Any CPU.Build.0 = Release|Any CPU
	EndGlobalSection
	GlobalSection(SolutionProperties) = preSolution
		HideSolutionNode = FALSE
	EndGlobalSection
	GlobalSection(ExtensibilityGlobals) = postSolution
		SolutionGuid = {2D11A7EA-0E8A-4189-AF06-C1D82E0877E3}
	EndGlobalSection
EndGlobal
